// !$*UTF8*$!
{
	archiveVersion = 1;
	classes = {
	};
	objectVersion = 46;
	objects = {

/* Begin PBXBuildFile section */
		ACC957AD1CBAFC08002F43F8 /* AppDelegate.swift in Sources */ = {isa = PBXBuildFile; fileRef = ACC957AC1CBAFC08002F43F8 /* AppDelegate.swift */; };
		ACC957AF1CBAFC08002F43F8 /* MasterViewController.swift in Sources */ = {isa = PBXBuildFile; fileRef = ACC957AE1CBAFC08002F43F8 /* MasterViewController.swift */; };
		ACC957B11CBAFC08002F43F8 /* DetailViewController.swift in Sources */ = {isa = PBXBuildFile; fileRef = ACC957B01CBAFC08002F43F8 /* DetailViewController.swift */; };
		ACC957B41CBAFC08002F43F8 /* Main.storyboard in Resources */ = {isa = PBXBuildFile; fileRef = ACC957B21CBAFC08002F43F8 /* Main.storyboard */; };
		ACC957B61CBAFC08002F43F8 /* Assets.xcassets in Resources */ = {isa = PBXBuildFile; fileRef = ACC957B51CBAFC08002F43F8 /* Assets.xcassets */; };
		ACC957B91CBAFC08002F43F8 /* LaunchScreen.storyboard in Resources */ = {isa = PBXBuildFile; fileRef = ACC957B71CBAFC08002F43F8 /* LaunchScreen.storyboard */; };
		ACC957C41CBAFC09002F43F8 /* LockNKeyTests.swift in Sources */ = {isa = PBXBuildFile; fileRef = ACC957C31CBAFC08002F43F8 /* LockNKeyTests.swift */; };
/* End PBXBuildFile section */

/* Begin PBXContainerItemProxy section */
		ACC957C01CBAFC08002F43F8 /* PBXContainerItemProxy */ = {
			isa = PBXContainerItemProxy;
			containerPortal = ACC957A11CBAFC08002F43F8 /* Project object */;
			proxyType = 1;
			remoteGlobalIDString = ACC957A81CBAFC08002F43F8;
			remoteInfo = LockNKey;
		};
/* End PBXContainerItemProxy section */

/* Begin PBXFileReference section */
		ACC957A91CBAFC08002F43F8 /* LockNKey.app */ = {isa = PBXFileReference; explicitFileType = wrapper.application; includeInIndex = 0; path = LockNKey.app; sourceTree = BUILT_PRODUCTS_DIR; };
		ACC957AC1CBAFC08002F43F8 /* AppDelegate.swift */ = {isa = PBXFileReference; lastKnownFileType = sourcecode.swift; path = AppDelegate.swift; sourceTree = "<group>"; };
		ACC957AE1CBAFC08002F43F8 /* MasterViewController.swift */ = {isa = PBXFileReference; lastKnownFileType = sourcecode.swift; path = MasterViewController.swift; sourceTree = "<group>"; };
		ACC957B01CBAFC08002F43F8 /* DetailViewController.swift */ = {isa = PBXFileReference; lastKnownFileType = sourcecode.swift; path = DetailViewController.swift; sourceTree = "<group>"; };
		ACC957B31CBAFC08002F43F8 /* Base */ = {isa = PBXFileReference; lastKnownFileType = file.storyboard; name = Base; path = Base.lproj/Main.storyboard; sourceTree = "<group>"; };
		ACC957B51CBAFC08002F43F8 /* Assets.xcassets */ = {isa = PBXFileReference; lastKnownFileType = folder.assetcatalog; path = Assets.xcassets; sourceTree = "<group>"; };
		ACC957B81CBAFC08002F43F8 /* Base */ = {isa = PBXFileReference; lastKnownFileType = file.storyboard; name = Base; path = Base.lproj/LaunchScreen.storyboard; sourceTree = "<group>"; };
		ACC957BA1CBAFC08002F43F8 /* Info.plist */ = {isa = PBXFileReference; lastKnownFileType = text.plist.xml; path = Info.plist; sourceTree = "<group>"; };
		ACC957BF1CBAFC08002F43F8 /* LockNKeyTests.xctest */ = {isa = PBXFileReference; explicitFileType = wrapper.cfbundle; includeInIndex = 0; path = LockNKeyTests.xctest; sourceTree = BUILT_PRODUCTS_DIR; };
		ACC957C31CBAFC08002F43F8 /* LockNKeyTests.swift */ = {isa = PBXFileReference; lastKnownFileType = sourcecode.swift; path = LockNKeyTests.swift; sourceTree = "<group>"; };
		ACC957C51CBAFC09002F43F8 /* Info.plist */ = {isa = PBXFileReference; lastKnownFileType = text.plist.xml; path = Info.plist; sourceTree = "<group>"; };
/* End PBXFileReference section */

/* Begin PBXFrameworksBuildPhase section */
		ACC957A61CBAFC08002F43F8 /* Frameworks */ = {
			isa = PBXFrameworksBuildPhase;
			buildActionMask = 2147483647;
			files = (
			);
			runOnlyForDeploymentPostprocessing = 0;
		};
		ACC957BC1CBAFC08002F43F8 /* Frameworks */ = {
			isa = PBXFrameworksBuildPhase;
			buildActionMask = 2147483647;
			files = (
			);
			runOnlyForDeploymentPostprocessing = 0;
		};
/* End PBXFrameworksBuildPhase section */

/* Begin PBXGroup section */
		ACC957A01CBAFC08002F43F8 = {
			isa = PBXGroup;
			children = (
				ACC957AB1CBAFC08002F43F8 /* LockNKey */,
				ACC957C21CBAFC08002F43F8 /* LockNKeyTests */,
				ACC957AA1CBAFC08002F43F8 /* Products */,
			);
			sourceTree = "<group>";
		};
		ACC957AA1CBAFC08002F43F8 /* Products */ = {
			isa = PBXGroup;
			children = (
				ACC957A91CBAFC08002F43F8 /* LockNKey.app */,
				ACC957BF1CBAFC08002F43F8 /* LockNKeyTests.xctest */,
			);
			name = Products;
			sourceTree = "<group>";
		};
		ACC957AB1CBAFC08002F43F8 /* LockNKey */ = {
			isa = PBXGroup;
			children = (
				ACC957AC1CBAFC08002F43F8 /* AppDelegate.swift */,
				ACC957AE1CBAFC08002F43F8 /* MasterViewController.swift */,
				ACC957B01CBAFC08002F43F8 /* DetailViewController.swift */,
				ACC957B21CBAFC08002F43F8 /* Main.storyboard */,
				ACC957B51CBAFC08002F43F8 /* Assets.xcassets */,
				ACC957B71CBAFC08002F43F8 /* LaunchScreen.storyboard */,
				ACC957BA1CBAFC08002F43F8 /* Info.plist */,
			);
			path = LockNKey;
			sourceTree = "<group>";
		};
		ACC957C21CBAFC08002F43F8 /* LockNKeyTests */ = {
			isa = PBXGroup;
			children = (
				ACC957C31CBAFC08002F43F8 /* LockNKeyTests.swift */,
				ACC957C51CBAFC09002F43F8 /* Info.plist */,
			);
			path = LockNKeyTests;
			sourceTree = "<group>";
		};
/* End PBXGroup section */

/* Begin PBXNativeTarget section */
		ACC957A81CBAFC08002F43F8 /* LockNKey */ = {
			isa = PBXNativeTarget;
			buildConfigurationList = ACC957C81CBAFC09002F43F8 /* Build configuration list for PBXNativeTarget "LockNKey" */;
			buildPhases = (
				ACC957A51CBAFC08002F43F8 /* Sources */,
				ACC957A61CBAFC08002F43F8 /* Frameworks */,
				ACC957A71CBAFC08002F43F8 /* Resources */,
			);
			buildRules = (
			);
			dependencies = (
			);
			name = LockNKey;
			productName = LockNKey;
			productReference = ACC957A91CBAFC08002F43F8 /* LockNKey.app */;
			productType = "com.apple.product-type.application";
		};
		ACC957BE1CBAFC08002F43F8 /* LockNKeyTests */ = {
			isa = PBXNativeTarget;
			buildConfigurationList = ACC957CB1CBAFC09002F43F8 /* Build configuration list for PBXNativeTarget "LockNKeyTests" */;
			buildPhases = (
				ACC957BB1CBAFC08002F43F8 /* Sources */,
				ACC957BC1CBAFC08002F43F8 /* Frameworks */,
				ACC957BD1CBAFC08002F43F8 /* Resources */,
			);
			buildRules = (
			);
			dependencies = (
				ACC957C11CBAFC08002F43F8 /* PBXTargetDependency */,
			);
			name = LockNKeyTests;
			productName = LockNKeyTests;
			productReference = ACC957BF1CBAFC08002F43F8 /* LockNKeyTests.xctest */;
			productType = "com.apple.product-type.bundle.unit-test";
		};
/* End PBXNativeTarget section */

/* Begin PBXProject section */
		ACC957A11CBAFC08002F43F8 /* Project object */ = {
			isa = PBXProject;
			attributes = {
				LastSwiftUpdateCheck = 0730;
				LastUpgradeCheck = 0730;
				ORGANIZATIONNAME = guliaz;
				TargetAttributes = {
					ACC957A81CBAFC08002F43F8 = {
						CreatedOnToolsVersion = 7.3;
						DevelopmentTeam = BPW5A33Y8M;
					};
					ACC957BE1CBAFC08002F43F8 = {
						CreatedOnToolsVersion = 7.3;
						DevelopmentTeam = BPW5A33Y8M;
						TestTargetID = ACC957A81CBAFC08002F43F8;
					};
				};
			};
			buildConfigurationList = ACC957A41CBAFC08002F43F8 /* Build configuration list for PBXProject "LockNKey" */;
			compatibilityVersion = "Xcode 3.2";
			developmentRegion = English;
			hasScannedForEncodings = 0;
			knownRegions = (
				en,
				Base,
			);
			mainGroup = ACC957A01CBAFC08002F43F8;
			productRefGroup = ACC957AA1CBAFC08002F43F8 /* Products */;
			projectDirPath = "";
			projectRoot = "";
			targets = (
				ACC957A81CBAFC08002F43F8 /* LockNKey */,
				ACC957BE1CBAFC08002F43F8 /* LockNKeyTests */,
			);
		};
/* End PBXProject section */

/* Begin PBXResourcesBuildPhase section */
		ACC957A71CBAFC08002F43F8 /* Resources */ = {
			isa = PBXResourcesBuildPhase;
			buildActionMask = 2147483647;
			files = (
				ACC957B91CBAFC08002F43F8 /* LaunchScreen.storyboard in Resources */,
				ACC957B61CBAFC08002F43F8 /* Assets.xcassets in Resources */,
				ACC957B41CBAFC08002F43F8 /* Main.storyboard in Resources */,
			);
			runOnlyForDeploymentPostprocessing = 0;
		};
		ACC957BD1CBAFC08002F43F8 /* Resources */ = {
			isa = PBXResourcesBuildPhase;
			buildActionMask = 2147483647;
			files = (
			);
			runOnlyForDeploymentPostprocessing = 0;
		};
/* End PBXResourcesBuildPhase section */

/* Begin PBXSourcesBuildPhase section */
		ACC957A51CBAFC08002F43F8 /* Sources */ = {
			isa = PBXSourcesBuildPhase;
			buildActionMask = 2147483647;
			files = (
				ACC957B11CBAFC08002F43F8 /* DetailViewController.swift in Sources */,
				ACC957AF1CBAFC08002F43F8 /* MasterViewController.swift in Sources */,
				ACC957AD1CBAFC08002F43F8 /* AppDelegate.swift in Sources */,
			);
			runOnlyForDeploymentPostprocessing = 0;
		};
		ACC957BB1CBAFC08002F43F8 /* Sources */ = {
			isa = PBXSourcesBuildPhase;
			buildActionMask = 2147483647;
			files = (
				ACC957C41CBAFC09002F43F8 /* LockNKeyTests.swift in Sources */,
			);
			runOnlyForDeploymentPostprocessing = 0;
		};
/* End PBXSourcesBuildPhase section */

/* Begin PBXTargetDependency section */
		ACC957C11CBAFC08002F43F8 /* PBXTargetDependency */ = {
			isa = PBXTargetDependency;
			target = ACC957A81CBAFC08002F43F8 /* LockNKey */;
			targetProxy = ACC957C01CBAFC08002F43F8 /* PBXContainerItemProxy */;
		};
/* End PBXTargetDependency section */

/* Begin PBXVariantGroup section */
		ACC957B21CBAFC08002F43F8 /* Main.storyboard */ = {
			isa = PBXVariantGroup;
			children = (
				ACC957B31CBAFC08002F43F8 /* Base */,
			);
			name = Main.storyboard;
			sourceTree = "<group>";
		};
		ACC957B71CBAFC08002F43F8 /* LaunchScreen.storyboard */ = {
			isa = PBXVariantGroup;
			children = (
				ACC957B81CBAFC08002F43F8 /* Base */,
			);
			name = LaunchScreen.storyboard;
			sourceTree = "<group>";
		};
/* End PBXVariantGroup section */

/* Begin XCBuildConfiguration section */
		ACC957C61CBAFC09002F43F8 /* Debug */ = {
			isa = XCBuildConfiguration;
			buildSettings = {
				ALWAYS_SEARCH_USER_PATHS = NO;
				CLANG_ANALYZER_NONNULL = YES;
				CLANG_CXX_LANGUAGE_STANDARD = "gnu++0x";
				CLANG_CXX_LIBRARY = "libc++";
				CLANG_ENABLE_MODULES = YES;
				CLANG_ENABLE_OBJC_ARC = YES;
				CLANG_WARN_BOOL_CONVERSION = YES;
				CLANG_WARN_CONSTANT_CONVERSION = YES;
				CLANG_WARN_DIRECT_OBJC_ISA_USAGE = YES_ERROR;
				CLANG_WARN_EMPTY_BODY = YES;
				CLANG_WARN_ENUM_CONVERSION = YES;
				CLANG_WARN_INT_CONVERSION = YES;
				CLANG_WARN_OBJC_ROOT_CLASS = YES_ERROR;
				CLANG_WARN_UNREACHABLE_CODE = YES;
				CLANG_WARN__DUPLICATE_METHOD_MATCH = YES;
				"CODE_SIGN_IDENTITY[sdk=iphoneos*]" = "iPhone Developer";
				COPY_PHASE_STRIP = NO;
				DEBUG_INFORMATION_FORMAT = dwarf;
				ENABLE_STRICT_OBJC_MSGSEND = YES;
				ENABLE_TESTABILITY = YES;
				GCC_C_LANGUAGE_STANDARD = gnu99;
				GCC_DYNAMIC_NO_PIC = NO;
				GCC_NO_COMMON_BLOCKS = YES;
				GCC_OPTIMIZATION_LEVEL = 0;
				GCC_PREPROCESSOR_DEFINITIONS = (
					"DEBUG=1",
					"$(inherited)",
				);
				GCC_WARN_64_TO_32_BIT_CONVERSION = YES;
				GCC_WARN_ABOUT_RETURN_TYPE = YES_ERROR;
				GCC_WARN_UNDECLARED_SELECTOR = YES;
				GCC_WARN_UNINITIALIZED_AUTOS = YES_AGGRESSIVE;
				GCC_WARN_UNUSED_FUNCTION = YES;
				GCC_WARN_UNUSED_VARIABLE = YES;
				IPHONEOS_DEPLOYMENT_TARGET = 9.3;
				MTL_ENABLE_DEBUG_INFO = YES;
				ONLY_ACTIVE_ARCH = YES;
				SDKROOT = iphoneos;
				SWIFT_OPTIMIZATION_LEVEL = "-Onone";
				TARGETED_DEVICE_FAMILY = "1,2";
			};
			name = Debug;
		};
		ACC957C71CBAFC09002F43F8 /* Release */ = {
			isa = XCBuildConfiguration;
			buildSettings = {
				ALWAYS_SEARCH_USER_PATHS = NO;
				CLANG_ANALYZER_NONNULL = YES;
				CLANG_CXX_LANGUAGE_STANDARD = "gnu++0x";
				CLANG_CXX_LIBRARY = "libc++";
				CLANG_ENABLE_MODULES = YES;
				CLANG_ENABLE_OBJC_ARC = YES;
				CLANG_WARN_BOOL_CONVERSION = YES;
				CLANG_WARN_CONSTANT_CONVERSION = YES;
				CLANG_WARN_DIRECT_OBJC_ISA_USAGE = YES_ERROR;
				CLANG_WARN_EMPTY_BODY = YES;
				CLANG_WARN_ENUM_CONVERSION = YES;
				CLANG_WARN_INT_CONVERSION = YES;
				CLANG_WARN_OBJC_ROOT_CLASS = YES_ERROR;
				CLANG_WARN_UNREACHABLE_CODE = YES;
				CLANG_WARN__DUPLICATE_METHOD_MATCH = YES;
				"CODE_SIGN_IDENTITY[sdk=iphoneos*]" = "iPhone Developer";
				COPY_PHASE_STRIP = NO;
				DEBUG_INFORMATION_FORMAT = "dwarf-with-dsym";
				ENABLE_NS_ASSERTIONS = NO;
				ENABLE_STRICT_OBJC_MSGSEND = YES;
				GCC_C_LANGUAGE_STANDARD = gnu99;
				GCC_NO_COMMON_BLOCKS = YES;
				GCC_WARN_64_TO_32_BIT_CONVERSION = YES;
				GCC_WARN_ABOUT_RETURN_TYPE = YES_ERROR;
				GCC_WARN_UNDECLARED_SELECTOR = YES;
				GCC_WARN_UNINITIALIZED_AUTOS = YES_AGGRESSIVE;
				GCC_WARN_UNUSED_FUNCTION = YES;
				GCC_WARN_UNUSED_VARIABLE = YES;
				IPHONEOS_DEPLOYMENT_TARGET = 9.3;
				MTL_ENABLE_DEBUG_INFO = NO;
				SDKROOT = iphoneos;
				TARGETED_DEVICE_FAMILY = "1,2";
				VALIDATE_PRODUCT = YES;
			};
			name = Release;
		};
		ACC957C91CBAFC09002F43F8 /* Debug */ = {
			isa = XCBuildConfiguration;
			buildSettings = {
				ASSETCATALOG_COMPILER_APPICON_NAME = AppIcon;
				INFOPLIST_FILE = LockNKey/Info.plist;
				LD_RUNPATH_SEARCH_PATHS = "$(inherited) @executable_path/Frameworks";
				PRODUCT_BUNDLE_IDENTIFIER = com.guliaz.app.LockNKey;
				PRODUCT_NAME = "$(TARGET_NAME)";
			};
			name = Debug;
		};
		ACC957CA1CBAFC09002F43F8 /* Release */ = {
			isa = XCBuildConfiguration;
			buildSettings = {
				ASSETCATALOG_COMPILER_APPICON_NAME = AppIcon;
				INFOPLIST_FILE = LockNKey/Info.plist;
				LD_RUNPATH_SEARCH_PATHS = "$(inherited) @executable_path/Frameworks";
				PRODUCT_BUNDLE_IDENTIFIER = com.guliaz.app.LockNKey;
				PRODUCT_NAME = "$(TARGET_NAME)";
			};
			name = Release;
		};
		ACC957CC1CBAFC09002F43F8 /* Debug */ = {
			isa = XCBuildConfiguration;
			buildSettings = {
				BUNDLE_LOADER = "$(TEST_HOST)";
				INFOPLIST_FILE = LockNKeyTests/Info.plist;
				LD_RUNPATH_SEARCH_PATHS = "$(inherited) @executable_path/Frameworks @loader_path/Frameworks";
				PRODUCT_BUNDLE_IDENTIFIER = com.guliaz.app.LockNKeyTests;
				PRODUCT_NAME = "$(TARGET_NAME)";
				TEST_HOST = "$(BUILT_PRODUCTS_DIR)/LockNKey.app/LockNKey";
			};
			name = Debug;
		};
		ACC957CD1CBAFC09002F43F8 /* Release */ = {
			isa = XCBuildConfiguration;
			buildSettings = {
				BUNDLE_LOADER = "$(TEST_HOST)";
				INFOPLIST_FILE = LockNKeyTests/Info.plist;
				LD_RUNPATH_SEARCH_PATHS = "$(inherited) @executable_path/Frameworks @loader_path/Frameworks";
				PRODUCT_BUNDLE_IDENTIFIER = com.guliaz.app.LockNKeyTests;
				PRODUCT_NAME = "$(TARGET_NAME)";
				TEST_HOST = "$(BUILT_PRODUCTS_DIR)/LockNKey.app/LockNKey";
			};
			name = Release;
		};
/* End XCBuildConfiguration section */

/* Begin XCConfigurationList section */
		ACC957A41CBAFC08002F43F8 /* Build configuration list for PBXProject "LockNKey" */ = {
			isa = XCConfigurationList;
			buildConfigurations = (
				ACC957C61CBAFC09002F43F8 /* Debug */,
				ACC957C71CBAFC09002F43F8 /* Release */,
			);
			defaultConfigurationIsVisible = 0;
			defaultConfigurationName = Release;
		};
		ACC957C81CBAFC09002F43F8 /* Build configuration list for PBXNativeTarget "LockNKey" */ = {
			isa = XCConfigurationList;
			buildConfigurations = (
				ACC957C91CBAFC09002F43F8 /* Debug */,
				ACC957CA1CBAFC09002F43F8 /* Release */,
			);
			defaultConfigurationIsVisible = 0;
		};
		ACC957CB1CBAFC09002F43F8 /* Build configuration list for PBXNativeTarget "LockNKeyTests" */ = {
			isa = XCConfigurationList;
			buildConfigurations = (
				ACC957CC1CBAFC09002F43F8 /* Debug */,
				ACC957CD1CBAFC09002F43F8 /* Release */,
			);
			defaultConfigurationIsVisible = 0;
		};
/* End XCConfigurationList section */
	};
	rootObject = ACC957A11CBAFC08002F43F8 /* Project object */;
}
